
Microsoft Visual Studio Solution File, Format Version 12.00
# Visual Studio Version 17
VisualStudioVersion = 17.13.35806.99 d17.13
MinimumVisualStudioVersion = 10.0.40219.1
Project("{FAE04EC0-301F-11D3-BF4B-00C04F79EFBC}") = "Adventure Project", "Adventure Project\Adventure Project.csproj", "{A33EE432-F9F6-49AC-B543-AC7C946C209B}"
EndProject
Global
	GlobalSection(SolutionConfigurationPlatforms) = preSolution
		Debug|Any CPU = Debug|Any CPU
		Release|Any CPU = Release|Any CPU
	EndGlobalSection
	GlobalSection(ProjectConfigurationPlatforms) = postSolution
		{A33EE432-F9F6-49AC-B543-AC7C946C209B}.Debug|Any CPU.ActiveCfg = Debug|Any CPU
		{A33EE432-F9F6-49AC-B543-AC7C946C209B}.Debug|Any CPU.Build.0 = Debug|Any CPU
		{A33EE432-F9F6-49AC-B543-AC7C946C209B}.Release|Any CPU.ActiveCfg = Release|Any CPU
		{A33EE432-F9F6-49AC-B543-AC7C946C209B}.Release|Any CPU.Build.0 = Release|Any CPU
	EndGlobalSection
	GlobalSection(SolutionProperties) = preSolution
		HideSolutionNode = FALSE
	EndGlobalSection
	GlobalSection(ExtensibilityGlobals) = postSolution
		SolutionGuid = {C8C58EB2-CAC3-4141-8A3D-4666FB17D096}
	EndGlobalSection
EndGlobal
